
Microsoft Visual Studio Solution File, Format Version 12.00
# Visual Studio Version 16
VisualStudioVersion = 16.0.30517.126
MinimumVisualStudioVersion = 10.0.40219.1
Project("{FAE04EC0-301F-11D3-BF4B-00C04F79EFBC}") = "226_MethodOverload", "226_MethodOverload\226_MethodOverload.csproj", "{ACB84E4D-3C93-4A6A-9412-436F9EEEE767}"
EndProject
Global
	GlobalSection(SolutionConfigurationPlatforms) = preSolution
		Debug|Any CPU = Debug|Any CPU
		Release|Any CPU = Release|Any CPU
	EndGlobalSection
	GlobalSection(ProjectConfigurationPlatforms) = postSolution
		{ACB84E4D-3C93-4A6A-9412-436F9EEEE767}.Debug|Any CPU.ActiveCfg = Debug|Any CPU
		{ACB84E4D-3C93-4A6A-9412-436F9EEEE767}.Debug|Any CPU.Build.0 = Debug|Any CPU
		{ACB84E4D-3C93-4A6A-9412-436F9EEEE767}.Release|Any CPU.ActiveCfg = Release|Any CPU
		{ACB84E4D-3C93-4A6A-9412-436F9EEEE767}.Release|Any CPU.Build.0 = Release|Any CPU
	EndGlobalSection
	GlobalSection(SolutionProperties) = preSolution
		HideSolutionNode = FALSE
	EndGlobalSection
	GlobalSection(ExtensibilityGlobals) = postSolution
		SolutionGuid = {C5A67E53-5D18-4A8F-B622-68E6F5A432C8}
	EndGlobalSection
EndGlobal
