
Microsoft Visual Studio Solution File, Format Version 12.00
# Visual Studio Version 16
VisualStudioVersion = 16.0.30517.126
MinimumVisualStudioVersion = 10.0.40219.1
Project("{FAE04EC0-301F-11D3-BF4B-00C04F79EFBC}") = "210_ExceptionHandling", "210_ExceptionHandling\210_ExceptionHandling.csproj", "{263DADA0-0C71-4864-B05C-7DFAC02845EE}"
EndProject
Global
	GlobalSection(SolutionConfigurationPlatforms) = preSolution
		Debug|Any CPU = Debug|Any CPU
		Release|Any CPU = Release|Any CPU
	EndGlobalSection
	GlobalSection(ProjectConfigurationPlatforms) = postSolution
		{263DADA0-0C71-4864-B05C-7DFAC02845EE}.Debug|Any CPU.ActiveCfg = Debug|Any CPU
		{263DADA0-0C71-4864-B05C-7DFAC02845EE}.Debug|Any CPU.Build.0 = Debug|Any CPU
		{263DADA0-0C71-4864-B05C-7DFAC02845EE}.Release|Any CPU.ActiveCfg = Release|Any CPU
		{263DADA0-0C71-4864-B05C-7DFAC02845EE}.Release|Any CPU.Build.0 = Release|Any CPU
	EndGlobalSection
	GlobalSection(SolutionProperties) = preSolution
		HideSolutionNode = FALSE
	EndGlobalSection
	GlobalSection(ExtensibilityGlobals) = postSolution
		SolutionGuid = {375850CB-C21D-42D4-A08E-3E255F55BF68}
	EndGlobalSection
EndGlobal
