
Microsoft Visual Studio Solution File, Format Version 12.00
# Visual Studio Version 16
VisualStudioVersion = 16.0.30517.126
MinimumVisualStudioVersion = 10.0.40219.1
Project("{FAE04EC0-301F-11D3-BF4B-00C04F79EFBC}") = "227_OptionalParameter", "227_OptionalParameter\227_OptionalParameter.csproj", "{A687E41D-1985-4E84-B61E-D3419499A3F9}"
EndProject
Global
	GlobalSection(SolutionConfigurationPlatforms) = preSolution
		Debug|Any CPU = Debug|Any CPU
		Release|Any CPU = Release|Any CPU
	EndGlobalSection
	GlobalSection(ProjectConfigurationPlatforms) = postSolution
		{A687E41D-1985-4E84-B61E-D3419499A3F9}.Debug|Any CPU.ActiveCfg = Debug|Any CPU
		{A687E41D-1985-4E84-B61E-D3419499A3F9}.Debug|Any CPU.Build.0 = Debug|Any CPU
		{A687E41D-1985-4E84-B61E-D3419499A3F9}.Release|Any CPU.ActiveCfg = Release|Any CPU
		{A687E41D-1985-4E84-B61E-D3419499A3F9}.Release|Any CPU.Build.0 = Release|Any CPU
	EndGlobalSection
	GlobalSection(SolutionProperties) = preSolution
		HideSolutionNode = FALSE
	EndGlobalSection
	GlobalSection(ExtensibilityGlobals) = postSolution
		SolutionGuid = {E9CBA2F8-8FD7-48AD-A258-BCB5CCA7979E}
	EndGlobalSection
EndGlobal
