
Microsoft Visual Studio Solution File, Format Version 12.00
# Visual Studio Version 16
VisualStudioVersion = 16.0.30517.126
MinimumVisualStudioVersion = 10.0.40219.1
Project("{FAE04EC0-301F-11D3-BF4B-00C04F79EFBC}") = "223_MethodsDrill", "223_MethodsDrill\223_MethodsDrill.csproj", "{CB76CC4E-62D7-4767-8D9D-CD9A699AA3DF}"
EndProject
Global
	GlobalSection(SolutionConfigurationPlatforms) = preSolution
		Debug|Any CPU = Debug|Any CPU
		Release|Any CPU = Release|Any CPU
	EndGlobalSection
	GlobalSection(ProjectConfigurationPlatforms) = postSolution
		{CB76CC4E-62D7-4767-8D9D-CD9A699AA3DF}.Debug|Any CPU.ActiveCfg = Debug|Any CPU
		{CB76CC4E-62D7-4767-8D9D-CD9A699AA3DF}.Debug|Any CPU.Build.0 = Debug|Any CPU
		{CB76CC4E-62D7-4767-8D9D-CD9A699AA3DF}.Release|Any CPU.ActiveCfg = Release|Any CPU
		{CB76CC4E-62D7-4767-8D9D-CD9A699AA3DF}.Release|Any CPU.Build.0 = Release|Any CPU
	EndGlobalSection
	GlobalSection(SolutionProperties) = preSolution
		HideSolutionNode = FALSE
	EndGlobalSection
	GlobalSection(ExtensibilityGlobals) = postSolution
		SolutionGuid = {9218F7EF-6E87-4E84-83FA-96413E5118E1}
	EndGlobalSection
EndGlobal
