
Microsoft Visual Studio Solution File, Format Version 12.00
# Visual Studio Version 16
VisualStudioVersion = 16.0.30517.126
MinimumVisualStudioVersion = 10.0.40219.1
Project("{FAE04EC0-301F-11D3-BF4B-00C04F79EFBC}") = "VariableAndDataTypes-136", "VariableAndDataTypes-136\VariableAndDataTypes-136.csproj", "{0BA2DFF2-C725-43AB-B348-C4B6D0EC979D}"
EndProject
Global
	GlobalSection(SolutionConfigurationPlatforms) = preSolution
		Debug|Any CPU = Debug|Any CPU
		Release|Any CPU = Release|Any CPU
	EndGlobalSection
	GlobalSection(ProjectConfigurationPlatforms) = postSolution
		{0BA2DFF2-C725-43AB-B348-C4B6D0EC979D}.Debug|Any CPU.ActiveCfg = Debug|Any CPU
		{0BA2DFF2-C725-43AB-B348-C4B6D0EC979D}.Debug|Any CPU.Build.0 = Debug|Any CPU
		{0BA2DFF2-C725-43AB-B348-C4B6D0EC979D}.Release|Any CPU.ActiveCfg = Release|Any CPU
		{0BA2DFF2-C725-43AB-B348-C4B6D0EC979D}.Release|Any CPU.Build.0 = Release|Any CPU
	EndGlobalSection
	GlobalSection(SolutionProperties) = preSolution
		HideSolutionNode = FALSE
	EndGlobalSection
	GlobalSection(ExtensibilityGlobals) = postSolution
		SolutionGuid = {16B5EB92-3096-4182-8F44-EA5199E7B0EA}
	EndGlobalSection
EndGlobal
