
Microsoft Visual Studio Solution File, Format Version 12.00
# Visual Studio Version 16
VisualStudioVersion = 16.0.30517.126
MinimumVisualStudioVersion = 10.0.40219.1
Project("{FAE04EC0-301F-11D3-BF4B-00C04F79EFBC}") = "168_RentalCar", "168_RentalCar\168_RentalCar.csproj", "{9AE696D4-2B58-41D9-BAEE-2000444ABF16}"
EndProject
Global
	GlobalSection(SolutionConfigurationPlatforms) = preSolution
		Debug|Any CPU = Debug|Any CPU
		Release|Any CPU = Release|Any CPU
	EndGlobalSection
	GlobalSection(ProjectConfigurationPlatforms) = postSolution
		{9AE696D4-2B58-41D9-BAEE-2000444ABF16}.Debug|Any CPU.ActiveCfg = Debug|Any CPU
		{9AE696D4-2B58-41D9-BAEE-2000444ABF16}.Debug|Any CPU.Build.0 = Debug|Any CPU
		{9AE696D4-2B58-41D9-BAEE-2000444ABF16}.Release|Any CPU.ActiveCfg = Release|Any CPU
		{9AE696D4-2B58-41D9-BAEE-2000444ABF16}.Release|Any CPU.Build.0 = Release|Any CPU
	EndGlobalSection
	GlobalSection(SolutionProperties) = preSolution
		HideSolutionNode = FALSE
	EndGlobalSection
	GlobalSection(ExtensibilityGlobals) = postSolution
		SolutionGuid = {282B292E-0626-4403-9506-DD1354C4F8B3}
	EndGlobalSection
EndGlobal
