
Microsoft Visual Studio Solution File, Format Version 12.00
# Visual Studio Version 16
VisualStudioVersion = 16.0.30517.126
MinimumVisualStudioVersion = 10.0.40219.1
Project("{FAE04EC0-301F-11D3-BF4B-00C04F79EFBC}") = "194_ArrayAndLists", "194_ArrayAndLists\194_ArrayAndLists.csproj", "{BDDEB80C-EB51-4DED-A3A6-3BF11B87AC64}"
EndProject
Global
	GlobalSection(SolutionConfigurationPlatforms) = preSolution
		Debug|Any CPU = Debug|Any CPU
		Release|Any CPU = Release|Any CPU
	EndGlobalSection
	GlobalSection(ProjectConfigurationPlatforms) = postSolution
		{BDDEB80C-EB51-4DED-A3A6-3BF11B87AC64}.Debug|Any CPU.ActiveCfg = Debug|Any CPU
		{BDDEB80C-EB51-4DED-A3A6-3BF11B87AC64}.Debug|Any CPU.Build.0 = Debug|Any CPU
		{BDDEB80C-EB51-4DED-A3A6-3BF11B87AC64}.Release|Any CPU.ActiveCfg = Release|Any CPU
		{BDDEB80C-EB51-4DED-A3A6-3BF11B87AC64}.Release|Any CPU.Build.0 = Release|Any CPU
	EndGlobalSection
	GlobalSection(SolutionProperties) = preSolution
		HideSolutionNode = FALSE
	EndGlobalSection
	GlobalSection(ExtensibilityGlobals) = postSolution
		SolutionGuid = {72381DB8-4E61-42C9-A3F3-9B8EF16ACC3C}
	EndGlobalSection
EndGlobal
