
Microsoft Visual Studio Solution File, Format Version 12.00
# Visual Studio Version 16
VisualStudioVersion = 16.0.30517.126
MinimumVisualStudioVersion = 10.0.40219.1
Project("{FAE04EC0-301F-11D3-BF4B-00C04F79EFBC}") = "159_AnonymousIncome", "159_AnonymousIncome\159_AnonymousIncome.csproj", "{CF8FFDD6-9918-49FB-BAFE-294F98CB0506}"
EndProject
Global
	GlobalSection(SolutionConfigurationPlatforms) = preSolution
		Debug|Any CPU = Debug|Any CPU
		Release|Any CPU = Release|Any CPU
	EndGlobalSection
	GlobalSection(ProjectConfigurationPlatforms) = postSolution
		{CF8FFDD6-9918-49FB-BAFE-294F98CB0506}.Debug|Any CPU.ActiveCfg = Debug|Any CPU
		{CF8FFDD6-9918-49FB-BAFE-294F98CB0506}.Debug|Any CPU.Build.0 = Debug|Any CPU
		{CF8FFDD6-9918-49FB-BAFE-294F98CB0506}.Release|Any CPU.ActiveCfg = Release|Any CPU
		{CF8FFDD6-9918-49FB-BAFE-294F98CB0506}.Release|Any CPU.Build.0 = Release|Any CPU
	EndGlobalSection
	GlobalSection(SolutionProperties) = preSolution
		HideSolutionNode = FALSE
	EndGlobalSection
	GlobalSection(ExtensibilityGlobals) = postSolution
		SolutionGuid = {9E0BC8E2-7D05-4085-B5DA-E96CA4176E41}
	EndGlobalSection
EndGlobal
