
Microsoft Visual Studio Solution File, Format Version 12.00
# Visual Studio Version 16
VisualStudioVersion = 16.0.30517.126
MinimumVisualStudioVersion = 10.0.40219.1
Project("{FAE04EC0-301F-11D3-BF4B-00C04F79EFBC}") = "272_LambdaExpression", "272_LambdaExpression\272_LambdaExpression.csproj", "{3E636659-B86A-4725-B11C-3FF7F6F89020}"
EndProject
Global
	GlobalSection(SolutionConfigurationPlatforms) = preSolution
		Debug|Any CPU = Debug|Any CPU
		Release|Any CPU = Release|Any CPU
	EndGlobalSection
	GlobalSection(ProjectConfigurationPlatforms) = postSolution
		{3E636659-B86A-4725-B11C-3FF7F6F89020}.Debug|Any CPU.ActiveCfg = Debug|Any CPU
		{3E636659-B86A-4725-B11C-3FF7F6F89020}.Debug|Any CPU.Build.0 = Debug|Any CPU
		{3E636659-B86A-4725-B11C-3FF7F6F89020}.Release|Any CPU.ActiveCfg = Release|Any CPU
		{3E636659-B86A-4725-B11C-3FF7F6F89020}.Release|Any CPU.Build.0 = Release|Any CPU
	EndGlobalSection
	GlobalSection(SolutionProperties) = preSolution
		HideSolutionNode = FALSE
	EndGlobalSection
	GlobalSection(ExtensibilityGlobals) = postSolution
		SolutionGuid = {550DE453-4891-4465-B554-E166C0B6D72D}
	EndGlobalSection
EndGlobal
