
Microsoft Visual Studio Solution File, Format Version 12.00
# Visual Studio Version 16
VisualStudioVersion = 16.0.30517.126
MinimumVisualStudioVersion = 10.0.40219.1
Project("{FAE04EC0-301F-11D3-BF4B-00C04F79EFBC}") = "231_ClassDrill", "231_ClassDrill\231_ClassDrill.csproj", "{F5B4DDE7-50AA-4786-AF83-01A28205748D}"
EndProject
Global
	GlobalSection(SolutionConfigurationPlatforms) = preSolution
		Debug|Any CPU = Debug|Any CPU
		Release|Any CPU = Release|Any CPU
	EndGlobalSection
	GlobalSection(ProjectConfigurationPlatforms) = postSolution
		{F5B4DDE7-50AA-4786-AF83-01A28205748D}.Debug|Any CPU.ActiveCfg = Debug|Any CPU
		{F5B4DDE7-50AA-4786-AF83-01A28205748D}.Debug|Any CPU.Build.0 = Debug|Any CPU
		{F5B4DDE7-50AA-4786-AF83-01A28205748D}.Release|Any CPU.ActiveCfg = Release|Any CPU
		{F5B4DDE7-50AA-4786-AF83-01A28205748D}.Release|Any CPU.Build.0 = Release|Any CPU
	EndGlobalSection
	GlobalSection(SolutionProperties) = preSolution
		HideSolutionNode = FALSE
	EndGlobalSection
	GlobalSection(ExtensibilityGlobals) = postSolution
		SolutionGuid = {D5270E1D-9FB4-4031-A01C-AD810C239F7A}
	EndGlobalSection
EndGlobal
