
Microsoft Visual Studio Solution File, Format Version 12.00
# Visual Studio Version 16
VisualStudioVersion = 16.0.30517.126
MinimumVisualStudioVersion = 10.0.40219.1
Project("{FAE04EC0-301F-11D3-BF4B-00C04F79EFBC}") = "185_ShippingPackage", "185_ShippingPackage\185_ShippingPackage.csproj", "{BF6392AC-9A94-49FF-A38C-2DDA9BCAE940}"
EndProject
Global
	GlobalSection(SolutionConfigurationPlatforms) = preSolution
		Debug|Any CPU = Debug|Any CPU
		Release|Any CPU = Release|Any CPU
	EndGlobalSection
	GlobalSection(ProjectConfigurationPlatforms) = postSolution
		{BF6392AC-9A94-49FF-A38C-2DDA9BCAE940}.Debug|Any CPU.ActiveCfg = Debug|Any CPU
		{BF6392AC-9A94-49FF-A38C-2DDA9BCAE940}.Debug|Any CPU.Build.0 = Debug|Any CPU
		{BF6392AC-9A94-49FF-A38C-2DDA9BCAE940}.Release|Any CPU.ActiveCfg = Release|Any CPU
		{BF6392AC-9A94-49FF-A38C-2DDA9BCAE940}.Release|Any CPU.Build.0 = Release|Any CPU
	EndGlobalSection
	GlobalSection(SolutionProperties) = preSolution
		HideSolutionNode = FALSE
	EndGlobalSection
	GlobalSection(ExtensibilityGlobals) = postSolution
		SolutionGuid = {1783176F-01FE-485D-9ADD-76C7B7B6DFFD}
	EndGlobalSection
EndGlobal
