
Microsoft Visual Studio Solution File, Format Version 12.00
# Visual Studio Version 16
VisualStudioVersion = 16.0.30517.126
MinimumVisualStudioVersion = 10.0.40219.1
Project("{FAE04EC0-301F-11D3-BF4B-00C04F79EFBC}") = "Scores_435", "Scores_435\Scores_435.csproj", "{D4A09342-D70A-43E1-B22B-ECA328C750B7}"
EndProject
Global
	GlobalSection(SolutionConfigurationPlatforms) = preSolution
		Debug|Any CPU = Debug|Any CPU
		Release|Any CPU = Release|Any CPU
	EndGlobalSection
	GlobalSection(ProjectConfigurationPlatforms) = postSolution
		{D4A09342-D70A-43E1-B22B-ECA328C750B7}.Debug|Any CPU.ActiveCfg = Debug|Any CPU
		{D4A09342-D70A-43E1-B22B-ECA328C750B7}.Debug|Any CPU.Build.0 = Debug|Any CPU
		{D4A09342-D70A-43E1-B22B-ECA328C750B7}.Release|Any CPU.ActiveCfg = Release|Any CPU
		{D4A09342-D70A-43E1-B22B-ECA328C750B7}.Release|Any CPU.Build.0 = Release|Any CPU
	EndGlobalSection
	GlobalSection(SolutionProperties) = preSolution
		HideSolutionNode = FALSE
	EndGlobalSection
	GlobalSection(ExtensibilityGlobals) = postSolution
		SolutionGuid = {0FBF2D31-7804-4530-B55F-0E2A1B4DEDD7}
	EndGlobalSection
EndGlobal
