
Microsoft Visual Studio Solution File, Format Version 12.00
# Visual Studio Version 16
VisualStudioVersion = 16.0.30517.126
MinimumVisualStudioVersion = 10.0.40219.1
Project("{FAE04EC0-301F-11D3-BF4B-00C04F79EFBC}") = "NewsletterAppMVC_379", "NewsletterAppMVC_379\NewsletterAppMVC_379.csproj", "{E64D6D4D-7472-495D-BBEE-15E098D06C92}"
EndProject
Global
	GlobalSection(SolutionConfigurationPlatforms) = preSolution
		Debug|Any CPU = Debug|Any CPU
		Release|Any CPU = Release|Any CPU
	EndGlobalSection
	GlobalSection(ProjectConfigurationPlatforms) = postSolution
		{E64D6D4D-7472-495D-BBEE-15E098D06C92}.Debug|Any CPU.ActiveCfg = Debug|Any CPU
		{E64D6D4D-7472-495D-BBEE-15E098D06C92}.Debug|Any CPU.Build.0 = Debug|Any CPU
		{E64D6D4D-7472-495D-BBEE-15E098D06C92}.Release|Any CPU.ActiveCfg = Release|Any CPU
		{E64D6D4D-7472-495D-BBEE-15E098D06C92}.Release|Any CPU.Build.0 = Release|Any CPU
	EndGlobalSection
	GlobalSection(SolutionProperties) = preSolution
		HideSolutionNode = FALSE
	EndGlobalSection
	GlobalSection(ExtensibilityGlobals) = postSolution
		SolutionGuid = {251944D5-36BB-4D64-93D6-79B94DF18788}
	EndGlobalSection
EndGlobal
