
Microsoft Visual Studio Solution File, Format Version 12.00
# Visual Studio Version 16
VisualStudioVersion = 16.0.30517.126
MinimumVisualStudioVersion = 10.0.40219.1
Project("{FAE04EC0-301F-11D3-BF4B-00C04F79EFBC}") = "314_ExceptionHandling", "314_ExceptionHandling\314_ExceptionHandling.csproj", "{DC6C7E52-77F2-42D2-B2B7-4F0C31B830BB}"
EndProject
Global
	GlobalSection(SolutionConfigurationPlatforms) = preSolution
		Debug|Any CPU = Debug|Any CPU
		Release|Any CPU = Release|Any CPU
	EndGlobalSection
	GlobalSection(ProjectConfigurationPlatforms) = postSolution
		{DC6C7E52-77F2-42D2-B2B7-4F0C31B830BB}.Debug|Any CPU.ActiveCfg = Debug|Any CPU
		{DC6C7E52-77F2-42D2-B2B7-4F0C31B830BB}.Debug|Any CPU.Build.0 = Debug|Any CPU
		{DC6C7E52-77F2-42D2-B2B7-4F0C31B830BB}.Release|Any CPU.ActiveCfg = Release|Any CPU
		{DC6C7E52-77F2-42D2-B2B7-4F0C31B830BB}.Release|Any CPU.Build.0 = Release|Any CPU
	EndGlobalSection
	GlobalSection(SolutionProperties) = preSolution
		HideSolutionNode = FALSE
	EndGlobalSection
	GlobalSection(ExtensibilityGlobals) = postSolution
		SolutionGuid = {12CBC9C7-BD22-4C2A-B567-CBF25BA3A2E2}
	EndGlobalSection
EndGlobal
