
Microsoft Visual Studio Solution File, Format Version 12.00
# Visual Studio Version 16
VisualStudioVersion = 16.0.30517.126
MinimumVisualStudioVersion = 10.0.40219.1
Project("{FAE04EC0-301F-11D3-BF4B-00C04F79EFBC}") = "myConsoleProject.cs", "myConsoleProject.cs\myConsoleProject.cs.csproj", "{A52BF741-0F8F-49AD-B76C-32AB946C689D}"
EndProject
Global
	GlobalSection(SolutionConfigurationPlatforms) = preSolution
		Debug|Any CPU = Debug|Any CPU
		Release|Any CPU = Release|Any CPU
	EndGlobalSection
	GlobalSection(ProjectConfigurationPlatforms) = postSolution
		{A52BF741-0F8F-49AD-B76C-32AB946C689D}.Debug|Any CPU.ActiveCfg = Debug|Any CPU
		{A52BF741-0F8F-49AD-B76C-32AB946C689D}.Debug|Any CPU.Build.0 = Debug|Any CPU
		{A52BF741-0F8F-49AD-B76C-32AB946C689D}.Release|Any CPU.ActiveCfg = Release|Any CPU
		{A52BF741-0F8F-49AD-B76C-32AB946C689D}.Release|Any CPU.Build.0 = Release|Any CPU
	EndGlobalSection
	GlobalSection(SolutionProperties) = preSolution
		HideSolutionNode = FALSE
	EndGlobalSection
	GlobalSection(ExtensibilityGlobals) = postSolution
		SolutionGuid = {0863AF67-84EF-4925-A345-37CED0AFC3DF}
	EndGlobalSection
EndGlobal
