
Microsoft Visual Studio Solution File, Format Version 12.00
# Visual Studio Version 16
VisualStudioVersion = 16.0.30517.126
MinimumVisualStudioVersion = 10.0.40219.1
Project("{FAE04EC0-301F-11D3-BF4B-00C04F79EFBC}") = "236_ClassInheritance", "236_ClassInheritance\236_ClassInheritance.csproj", "{500F8D6F-7165-44DB-AC74-7C5DCBF8FCC2}"
EndProject
Global
	GlobalSection(SolutionConfigurationPlatforms) = preSolution
		Debug|Any CPU = Debug|Any CPU
		Release|Any CPU = Release|Any CPU
	EndGlobalSection
	GlobalSection(ProjectConfigurationPlatforms) = postSolution
		{500F8D6F-7165-44DB-AC74-7C5DCBF8FCC2}.Debug|Any CPU.ActiveCfg = Debug|Any CPU
		{500F8D6F-7165-44DB-AC74-7C5DCBF8FCC2}.Debug|Any CPU.Build.0 = Debug|Any CPU
		{500F8D6F-7165-44DB-AC74-7C5DCBF8FCC2}.Release|Any CPU.ActiveCfg = Release|Any CPU
		{500F8D6F-7165-44DB-AC74-7C5DCBF8FCC2}.Release|Any CPU.Build.0 = Release|Any CPU
	EndGlobalSection
	GlobalSection(SolutionProperties) = preSolution
		HideSolutionNode = FALSE
	EndGlobalSection
	GlobalSection(ExtensibilityGlobals) = postSolution
		SolutionGuid = {D85EDEAD-27A5-45AD-8509-839DCA3A6AB5}
	EndGlobalSection
EndGlobal
